
Microsoft Visual Studio Solution File, Format Version 12.00
# Visual Studio 15
VisualStudioVersion = 15.0.27130.2027
MinimumVisualStudioVersion = 10.0.40219.1
Project("{FAE04EC0-301F-11D3-BF4B-00C04F79EFBC}") = "PlaceOrder", "src\PlaceOrder\PlaceOrder.csproj", "{4988E3A0-7610-4D9C-A58D-F69C0AAB0557}"
EndProject
Project("{FAE04EC0-301F-11D3-BF4B-00C04F79EFBC}") = "PlaceOrderTest", "src\PlaceOrderTest\PlaceOrderTest.csproj", "{9DC9AC54-66E2-4A88-B22F-7F07DE563722}"
EndProject
Global
	GlobalSection(SolutionConfigurationPlatforms) = preSolution
		Debug|Any CPU = Debug|Any CPU
		Release|Any CPU = Release|Any CPU
	EndGlobalSection
	GlobalSection(ProjectConfigurationPlatforms) = postSolution
		{4988E3A0-7610-4D9C-A58D-F69C0AAB0557}.Debug|Any CPU.ActiveCfg = Debug|Any CPU
		{4988E3A0-7610-4D9C-A58D-F69C0AAB0557}.Debug|Any CPU.Build.0 = Debug|Any CPU
		{4988E3A0-7610-4D9C-A58D-F69C0AAB0557}.Release|Any CPU.ActiveCfg = Release|Any CPU
		{4988E3A0-7610-4D9C-A58D-F69C0AAB0557}.Release|Any CPU.Build.0 = Release|Any CPU
		{9DC9AC54-66E2-4A88-B22F-7F07DE563722}.Debug|Any CPU.ActiveCfg = Debug|Any CPU
		{9DC9AC54-66E2-4A88-B22F-7F07DE563722}.Debug|Any CPU.Build.0 = Debug|Any CPU
		{9DC9AC54-66E2-4A88-B22F-7F07DE563722}.Release|Any CPU.ActiveCfg = Release|Any CPU
		{9DC9AC54-66E2-4A88-B22F-7F07DE563722}.Release|Any CPU.Build.0 = Release|Any CPU
	EndGlobalSection
	GlobalSection(SolutionProperties) = preSolution
		HideSolutionNode = FALSE
	EndGlobalSection
	GlobalSection(ExtensibilityGlobals) = postSolution
		SolutionGuid = {0984CBB4-24E2-4339-9EA6-8B43706743B1}
	EndGlobalSection
EndGlobal
